{
    "name": "8crafters-server-utilities-bp",
    "version": "1.41.0+BUILD.3",
    "lockfileVersion": 3,
    "requires": true,
    "packages": {
        "": {
            "name": "8crafters-server-utilities-bp",
            "version": "1.41.0-preview.20+BUILD.2",
            "license": "ISC",
            "dependencies": {
                "@minecraft/common": "^1.2.0",
                "@minecraft/debug-utilities": "^1.0.0-beta.1.21.120-stable",
                "@minecraft/diagnostics": "^1.0.0-beta.1.21.120-stable",
                "@minecraft/math.js": "npm:@minecraft/math@^2.2.1",
                "@minecraft/server": "^2.4.0-beta.1.21.120-stable",
                "@minecraft/server-admin": "^1.0.0-beta.1.21.120-stable",
                "@minecraft/server-editor": "^0.1.0-beta.1.21.120-stable",
                "@minecraft/server-gametest": "^1.0.0-beta.1.21.120-stable",
                "@minecraft/server-net": "^1.0.0-beta.1.21.120-stable",
                "@minecraft/server-ui": "^2.1.0-beta.1.21.120-stable",
                "@minecraft/vanilla-data.js": "npm:@minecraft/vanilla-data@^1.21.120",
                "alea": "^1.0.1",
                "color-core": "^1.4.0",
                "decimal.js": "^10.4.3",
                "intl": "^1.2.5",
                "mcbe-ipc": "^3.0.1",
                "moment": "^2.30.1",
                "semver": "^7.6.3",
                "simplex-noise": "^4.0.3"
            },
            "devDependencies": {
                "@types/semver": "^7.5.8",
                "esbuild": "0.20.2",
                "json5": "^2.2.3",
                "prompt-sync": "^4.2.0"
            }
        },
        "node_modules/@esbuild/aix-ppc64": {
            "version": "0.20.2",
            "resolved": "https://registry.npmjs.org/@esbuild/aix-ppc64/-/aix-ppc64-0.20.2.tgz",
            "integrity": "sha512-D+EBOJHXdNZcLJRBkhENNG8Wji2kgc9AZ9KiPr1JuZjsNtyHzrsfLRrY0tk2H2aoFu6RANO1y1iPPUCDYWkb5g==",
            "cpu": [
                "ppc64"
            ],
            "dev": true,
            "optional": true,
            "os": [
                "aix"
            ],
            "engines": {
                "node": ">=12"
            }
        },
        "node_modules/@esbuild/android-arm": {
            "version": "0.20.2",
            "resolved": "https://registry.npmjs.org/@esbuild/android-arm/-/android-arm-0.20.2.tgz",
            "integrity": "sha512-t98Ra6pw2VaDhqNWO2Oph2LXbz/EJcnLmKLGBJwEwXX/JAN83Fym1rU8l0JUWK6HkIbWONCSSatf4sf2NBRx/w==",
            "cpu": [
                "arm"
            ],
            "dev": true,
            "optional": true,
            "os": [
                "android"
            ],
            "engines": {
                "node": ">=12"
            }
        },
        "node_modules/@esbuild/android-arm64": {
            "version": "0.20.2",
            "resolved": "https://registry.npmjs.org/@esbuild/android-arm64/-/android-arm64-0.20.2.tgz",
            "integrity": "sha512-mRzjLacRtl/tWU0SvD8lUEwb61yP9cqQo6noDZP/O8VkwafSYwZ4yWy24kan8jE/IMERpYncRt2dw438LP3Xmg==",
            "cpu": [
                "arm64"
            ],
            "dev": true,
            "optional": true,
            "os": [
                "android"
            ],
            "engines": {
                "node": ">=12"
            }
        },
        "node_modules/@esbuild/android-x64": {
            "version": "0.20.2",
            "resolved": "https://registry.npmjs.org/@esbuild/android-x64/-/android-x64-0.20.2.tgz",
            "integrity": "sha512-btzExgV+/lMGDDa194CcUQm53ncxzeBrWJcncOBxuC6ndBkKxnHdFJn86mCIgTELsooUmwUm9FkhSp5HYu00Rg==",
            "cpu": [
                "x64"
            ],
            "dev": true,
            "optional": true,
            "os": [
                "android"
            ],
            "engines": {
                "node": ">=12"
            }
        },
        "node_modules/@esbuild/darwin-arm64": {
            "version": "0.20.2",
            "resolved": "https://registry.npmjs.org/@esbuild/darwin-arm64/-/darwin-arm64-0.20.2.tgz",
            "integrity": "sha512-4J6IRT+10J3aJH3l1yzEg9y3wkTDgDk7TSDFX+wKFiWjqWp/iCfLIYzGyasx9l0SAFPT1HwSCR+0w/h1ES/MjA==",
            "cpu": [
                "arm64"
            ],
            "dev": true,
            "optional": true,
            "os": [
                "darwin"
            ],
            "engines": {
                "node": ">=12"
            }
        },
        "node_modules/@esbuild/darwin-x64": {
            "version": "0.20.2",
            "resolved": "https://registry.npmjs.org/@esbuild/darwin-x64/-/darwin-x64-0.20.2.tgz",
            "integrity": "sha512-tBcXp9KNphnNH0dfhv8KYkZhjc+H3XBkF5DKtswJblV7KlT9EI2+jeA8DgBjp908WEuYll6pF+UStUCfEpdysA==",
            "cpu": [
                "x64"
            ],
            "dev": true,
            "optional": true,
            "os": [
                "darwin"
            ],
            "engines": {
                "node": ">=12"
            }
        },
        "node_modules/@esbuild/freebsd-arm64": {
            "version": "0.20.2",
            "resolved": "https://registry.npmjs.org/@esbuild/freebsd-arm64/-/freebsd-arm64-0.20.2.tgz",
            "integrity": "sha512-d3qI41G4SuLiCGCFGUrKsSeTXyWG6yem1KcGZVS+3FYlYhtNoNgYrWcvkOoaqMhwXSMrZRl69ArHsGJ9mYdbbw==",
            "cpu": [
                "arm64"
            ],
            "dev": true,
            "optional": true,
            "os": [
                "freebsd"
            ],
            "engines": {
                "node": ">=12"
            }
        },
        "node_modules/@esbuild/freebsd-x64": {
            "version": "0.20.2",
            "resolved": "https://registry.npmjs.org/@esbuild/freebsd-x64/-/freebsd-x64-0.20.2.tgz",
            "integrity": "sha512-d+DipyvHRuqEeM5zDivKV1KuXn9WeRX6vqSqIDgwIfPQtwMP4jaDsQsDncjTDDsExT4lR/91OLjRo8bmC1e+Cw==",
            "cpu": [
                "x64"
            ],
            "dev": true,
            "optional": true,
            "os": [
                "freebsd"
            ],
            "engines": {
                "node": ">=12"
            }
        },
        "node_modules/@esbuild/linux-arm": {
            "version": "0.20.2",
            "resolved": "https://registry.npmjs.org/@esbuild/linux-arm/-/linux-arm-0.20.2.tgz",
            "integrity": "sha512-VhLPeR8HTMPccbuWWcEUD1Az68TqaTYyj6nfE4QByZIQEQVWBB8vup8PpR7y1QHL3CpcF6xd5WVBU/+SBEvGTg==",
            "cpu": [
                "arm"
            ],
            "dev": true,
            "optional": true,
            "os": [
                "linux"
            ],
            "engines": {
                "node": ">=12"
            }
        },
        "node_modules/@esbuild/linux-arm64": {
            "version": "0.20.2",
            "resolved": "https://registry.npmjs.org/@esbuild/linux-arm64/-/linux-arm64-0.20.2.tgz",
            "integrity": "sha512-9pb6rBjGvTFNira2FLIWqDk/uaf42sSyLE8j1rnUpuzsODBq7FvpwHYZxQ/It/8b+QOS1RYfqgGFNLRI+qlq2A==",
            "cpu": [
                "arm64"
            ],
            "dev": true,
            "optional": true,
            "os": [
                "linux"
            ],
            "engines": {
                "node": ">=12"
            }
        },
        "node_modules/@esbuild/linux-ia32": {
            "version": "0.20.2",
            "resolved": "https://registry.npmjs.org/@esbuild/linux-ia32/-/linux-ia32-0.20.2.tgz",
            "integrity": "sha512-o10utieEkNPFDZFQm9CoP7Tvb33UutoJqg3qKf1PWVeeJhJw0Q347PxMvBgVVFgouYLGIhFYG0UGdBumROyiig==",
            "cpu": [
                "ia32"
            ],
            "dev": true,
            "optional": true,
            "os": [
                "linux"
            ],
            "engines": {
                "node": ">=12"
            }
        },
        "node_modules/@esbuild/linux-loong64": {
            "version": "0.20.2",
            "resolved": "https://registry.npmjs.org/@esbuild/linux-loong64/-/linux-loong64-0.20.2.tgz",
            "integrity": "sha512-PR7sp6R/UC4CFVomVINKJ80pMFlfDfMQMYynX7t1tNTeivQ6XdX5r2XovMmha/VjR1YN/HgHWsVcTRIMkymrgQ==",
            "cpu": [
                "loong64"
            ],
            "dev": true,
            "optional": true,
            "os": [
                "linux"
            ],
            "engines": {
                "node": ">=12"
            }
        },
        "node_modules/@esbuild/linux-mips64el": {
            "version": "0.20.2",
            "resolved": "https://registry.npmjs.org/@esbuild/linux-mips64el/-/linux-mips64el-0.20.2.tgz",
            "integrity": "sha512-4BlTqeutE/KnOiTG5Y6Sb/Hw6hsBOZapOVF6njAESHInhlQAghVVZL1ZpIctBOoTFbQyGW+LsVYZ8lSSB3wkjA==",
            "cpu": [
                "mips64el"
            ],
            "dev": true,
            "optional": true,
            "os": [
                "linux"
            ],
            "engines": {
                "node": ">=12"
            }
        },
        "node_modules/@esbuild/linux-ppc64": {
            "version": "0.20.2",
            "resolved": "https://registry.npmjs.org/@esbuild/linux-ppc64/-/linux-ppc64-0.20.2.tgz",
            "integrity": "sha512-rD3KsaDprDcfajSKdn25ooz5J5/fWBylaaXkuotBDGnMnDP1Uv5DLAN/45qfnf3JDYyJv/ytGHQaziHUdyzaAg==",
            "cpu": [
                "ppc64"
            ],
            "dev": true,
            "optional": true,
            "os": [
                "linux"
            ],
            "engines": {
                "node": ">=12"
            }
        },
        "node_modules/@esbuild/linux-riscv64": {
            "version": "0.20.2",
            "resolved": "https://registry.npmjs.org/@esbuild/linux-riscv64/-/linux-riscv64-0.20.2.tgz",
            "integrity": "sha512-snwmBKacKmwTMmhLlz/3aH1Q9T8v45bKYGE3j26TsaOVtjIag4wLfWSiZykXzXuE1kbCE+zJRmwp+ZbIHinnVg==",
            "cpu": [
                "riscv64"
            ],
            "dev": true,
            "optional": true,
            "os": [
                "linux"
            ],
            "engines": {
                "node": ">=12"
            }
        },
        "node_modules/@esbuild/linux-s390x": {
            "version": "0.20.2",
            "resolved": "https://registry.npmjs.org/@esbuild/linux-s390x/-/linux-s390x-0.20.2.tgz",
            "integrity": "sha512-wcWISOobRWNm3cezm5HOZcYz1sKoHLd8VL1dl309DiixxVFoFe/o8HnwuIwn6sXre88Nwj+VwZUvJf4AFxkyrQ==",
            "cpu": [
                "s390x"
            ],
            "dev": true,
            "optional": true,
            "os": [
                "linux"
            ],
            "engines": {
                "node": ">=12"
            }
        },
        "node_modules/@esbuild/linux-x64": {
            "version": "0.20.2",
            "resolved": "https://registry.npmjs.org/@esbuild/linux-x64/-/linux-x64-0.20.2.tgz",
            "integrity": "sha512-1MdwI6OOTsfQfek8sLwgyjOXAu+wKhLEoaOLTjbijk6E2WONYpH9ZU2mNtR+lZ2B4uwr+usqGuVfFT9tMtGvGw==",
            "cpu": [
                "x64"
            ],
            "dev": true,
            "optional": true,
            "os": [
                "linux"
            ],
            "engines": {
                "node": ">=12"
            }
        },
        "node_modules/@esbuild/netbsd-x64": {
            "version": "0.20.2",
            "resolved": "https://registry.npmjs.org/@esbuild/netbsd-x64/-/netbsd-x64-0.20.2.tgz",
            "integrity": "sha512-K8/DhBxcVQkzYc43yJXDSyjlFeHQJBiowJ0uVL6Tor3jGQfSGHNNJcWxNbOI8v5k82prYqzPuwkzHt3J1T1iZQ==",
            "cpu": [
                "x64"
            ],
            "dev": true,
            "optional": true,
            "os": [
                "netbsd"
            ],
            "engines": {
                "node": ">=12"
            }
        },
        "node_modules/@esbuild/openbsd-x64": {
            "version": "0.20.2",
            "resolved": "https://registry.npmjs.org/@esbuild/openbsd-x64/-/openbsd-x64-0.20.2.tgz",
            "integrity": "sha512-eMpKlV0SThJmmJgiVyN9jTPJ2VBPquf6Kt/nAoo6DgHAoN57K15ZghiHaMvqjCye/uU4X5u3YSMgVBI1h3vKrQ==",
            "cpu": [
                "x64"
            ],
            "dev": true,
            "optional": true,
            "os": [
                "openbsd"
            ],
            "engines": {
                "node": ">=12"
            }
        },
        "node_modules/@esbuild/sunos-x64": {
            "version": "0.20.2",
            "resolved": "https://registry.npmjs.org/@esbuild/sunos-x64/-/sunos-x64-0.20.2.tgz",
            "integrity": "sha512-2UyFtRC6cXLyejf/YEld4Hajo7UHILetzE1vsRcGL3earZEW77JxrFjH4Ez2qaTiEfMgAXxfAZCm1fvM/G/o8w==",
            "cpu": [
                "x64"
            ],
            "dev": true,
            "optional": true,
            "os": [
                "sunos"
            ],
            "engines": {
                "node": ">=12"
            }
        },
        "node_modules/@esbuild/win32-arm64": {
            "version": "0.20.2",
            "resolved": "https://registry.npmjs.org/@esbuild/win32-arm64/-/win32-arm64-0.20.2.tgz",
            "integrity": "sha512-GRibxoawM9ZCnDxnP3usoUDO9vUkpAxIIZ6GQI+IlVmr5kP3zUq+l17xELTHMWTWzjxa2guPNyrpq1GWmPvcGQ==",
            "cpu": [
                "arm64"
            ],
            "dev": true,
            "optional": true,
            "os": [
                "win32"
            ],
            "engines": {
                "node": ">=12"
            }
        },
        "node_modules/@esbuild/win32-ia32": {
            "version": "0.20.2",
            "resolved": "https://registry.npmjs.org/@esbuild/win32-ia32/-/win32-ia32-0.20.2.tgz",
            "integrity": "sha512-HfLOfn9YWmkSKRQqovpnITazdtquEW8/SoHW7pWpuEeguaZI4QnCRW6b+oZTztdBnZOS2hqJ6im/D5cPzBTTlQ==",
            "cpu": [
                "ia32"
            ],
            "dev": true,
            "optional": true,
            "os": [
                "win32"
            ],
            "engines": {
                "node": ">=12"
            }
        },
        "node_modules/@esbuild/win32-x64": {
            "version": "0.20.2",
            "resolved": "https://registry.npmjs.org/@esbuild/win32-x64/-/win32-x64-0.20.2.tgz",
            "integrity": "sha512-N49X4lJX27+l9jbLKSqZ6bKNjzQvHaT8IIFUy+YIqmXQdjYCToGWwOItDrfby14c78aDd5NHQl29xingXfCdLQ==",
            "cpu": [
                "x64"
            ],
            "dev": true,
            "optional": true,
            "os": [
                "win32"
            ],
            "engines": {
                "node": ">=12"
            }
        },
        "node_modules/@minecraft/common": {
            "version": "1.2.0",
            "resolved": "https://registry.npmjs.org/@minecraft/common/-/common-1.2.0.tgz",
            "integrity": "sha512-JdmEq4P3Z/FtoBzhLijFgMSVFnFRrUoLwY8DHHrgtFo0mfLTOLTB1RErYjLMsA6b7BGVNxkX/pfFRiH7QZ0XwQ==",
            "license": "MIT"
        },
        "node_modules/@minecraft/debug-utilities": {
            "version": "1.0.0-beta.1.21.120-stable",
            "resolved": "https://registry.npmjs.org/@minecraft/debug-utilities/-/debug-utilities-1.0.0-beta.1.21.120-stable.tgz",
            "integrity": "sha512-pUAX8oiVzXgWjmng9nXyOERuCCUaO2f3h9RI/MYWwRIWTOcXehhFXGmpepIXkLvgPa9rwqGchQRLc3hqsUkaYw==",
            "license": "MIT",
            "peerDependencies": {
                "@minecraft/common": "^1.0.0",
                "@minecraft/server": "^1.17.0 || ^2.0.0"
            }
        },
        "node_modules/@minecraft/diagnostics": {
            "version": "1.0.0-beta.1.21.120-stable",
            "resolved": "https://registry.npmjs.org/@minecraft/diagnostics/-/diagnostics-1.0.0-beta.1.21.120-stable.tgz",
            "integrity": "sha512-wwdCIITpA+OpeWblQMttylqF+OXoX5tiuLK1urbzeYIM09vJcDjPC+ocKL/q0Me6dLV3V8i/Bc7eKdKHwHaZBg==",
            "license": "MIT",
            "peerDependencies": {
                "@minecraft/common": "^1.0.0",
                "@minecraft/server-admin": "^1.0.0-beta.1.21.120-stable"
            }
        },
        "node_modules/@minecraft/math.js": {
            "name": "@minecraft/math",
            "version": "2.2.11",
            "resolved": "https://registry.npmjs.org/@minecraft/math/-/math-2.2.11.tgz",
            "integrity": "sha512-t14zYk7BrXMvvQfZCge0I0MDY7MIxDJN7sJ0fSph4FVenqN+FnaGlZRagrDEa81zIi1202VNmi/jk+PvFpUWKg==",
            "license": "MIT",
            "peerDependencies": {
                "@minecraft/server": "^1.15.0 || ^2.0.0"
            }
        },
        "node_modules/@minecraft/server": {
            "version": "2.4.0-beta.1.21.120-stable",
            "resolved": "https://registry.npmjs.org/@minecraft/server/-/server-2.4.0-beta.1.21.120-stable.tgz",
            "integrity": "sha512-Yz4ZiIExjRQwOGMjp5R4ywpPSQnkctnfrG4zIFGPYaPXC7fASlPnHiTcqsLWLgjQCQsqg6NJoHdKewekuyfwrQ==",
            "license": "MIT",
            "peerDependencies": {
                "@minecraft/common": "^1.2.0",
                "@minecraft/vanilla-data": ">=1.20.70"
            }
        },
        "node_modules/@minecraft/server-admin": {
            "version": "1.0.0-beta.1.21.120-stable",
            "resolved": "https://registry.npmjs.org/@minecraft/server-admin/-/server-admin-1.0.0-beta.1.21.120-stable.tgz",
            "integrity": "sha512-QkBAdbCEIU1Mv0i37h0fMeuMFCk6HQSg/2epmPzlQZ6PkroNkzoxNSS1XHwqGvbbYNRyjISb9X9IOuLAXmCJvg==",
            "license": "MIT",
            "peerDependencies": {
                "@minecraft/common": "^1.0.0",
                "@minecraft/server": "^1.17.0 || ^2.0.0"
            }
        },
        "node_modules/@minecraft/server-editor": {
            "version": "0.1.0-beta.1.21.120-stable",
            "resolved": "https://registry.npmjs.org/@minecraft/server-editor/-/server-editor-0.1.0-beta.1.21.120-stable.tgz",
            "integrity": "sha512-UAKO7OZQO3vrRd5eiYr6ek0eRqxjcioerzebNd3NcDX9k2hYgS6wi1SJKmRCnKA4a/6w/vwuzM/ADhneNqn5ow==",
            "license": "MIT",
            "peerDependencies": {
                "@minecraft/common": "^1.0.0",
                "@minecraft/server": "^2.4.0-beta.1.21.120-stable",
                "@minecraft/vanilla-data": ">=1.20.70"
            }
        },
        "node_modules/@minecraft/server-gametest": {
            "version": "1.0.0-beta.1.21.120-stable",
            "resolved": "https://registry.npmjs.org/@minecraft/server-gametest/-/server-gametest-1.0.0-beta.1.21.120-stable.tgz",
            "integrity": "sha512-wDOQyRF/x5TsLy1WI/xvptkiqqa5L/3RqaHd8iTgqWgj+Xv7iEC4MUAjOQxCjZkuX7yLfA8LJ1ICuaPhKTlVNA==",
            "license": "MIT",
            "peerDependencies": {
                "@minecraft/common": "^1.0.0",
                "@minecraft/server": "^1.17.0 || ^2.0.0 || ^2.4.0-beta.1.21.120-stable"
            }
        },
        "node_modules/@minecraft/server-net": {
            "version": "1.0.0-beta.1.21.120-stable",
            "resolved": "https://registry.npmjs.org/@minecraft/server-net/-/server-net-1.0.0-beta.1.21.120-stable.tgz",
            "integrity": "sha512-MMupJsQRaeyEMrK47aTe/S9sioadGNYVoz1ApBen7N6bDBmhJISm6H3X25Jy4eb6rwVvth+SvJ6hbrZyVocMnQ==",
            "license": "MIT",
            "peerDependencies": {
                "@minecraft/common": "^1.0.0",
                "@minecraft/server": "^1.17.0 || ^2.0.0",
                "@minecraft/server-admin": "^1.0.0-beta.1.21.120-stable"
            }
        },
        "node_modules/@minecraft/server-ui": {
            "version": "2.1.0-beta.1.21.120-stable",
            "resolved": "https://registry.npmjs.org/@minecraft/server-ui/-/server-ui-2.1.0-beta.1.21.120-stable.tgz",
            "integrity": "sha512-DGSNr1Zm8yz0K20nQnHmtujyhHosat3H/szVrCeQQitV4q6bqQh8Rf5gnQoGqY9pEcfeJJKsl/H65h5UNxr7mA==",
            "license": "MIT",
            "peerDependencies": {
                "@minecraft/common": "^1.0.0",
                "@minecraft/server": "^2.0.0 || ^2.4.0-beta.1.21.120-stable"
            }
        },
        "node_modules/@minecraft/vanilla-data": {
            "version": "1.21.111",
            "resolved": "https://registry.npmjs.org/@minecraft/vanilla-data/-/vanilla-data-1.21.111.tgz",
            "integrity": "sha512-g8FL41gddAp5KWuJ0nbJPgCkxtGZtHYQ9XnxdQGumxlSpAuz2xAnV0zvieXuqHk20Ta6N3j9JD35Wkf4Iy0pZg==",
            "license": "MIT",
            "peer": true
        },
        "node_modules/@minecraft/vanilla-data.js": {
            "name": "@minecraft/vanilla-data",
            "version": "1.21.120",
            "resolved": "https://registry.npmjs.org/@minecraft/vanilla-data/-/vanilla-data-1.21.120.tgz",
            "integrity": "sha512-Ku2oGRngFsJ/w34Fkx3T5BP5LnMGapKtrxO0ftVQFab8ipc9Yli+65B4MzorqH4zmcmoxyT1RE/1CA9JLfYEpw==",
            "license": "MIT"
        },
        "node_modules/@types/semver": {
            "version": "7.5.8",
            "resolved": "https://registry.npmjs.org/@types/semver/-/semver-7.5.8.tgz",
            "integrity": "sha512-I8EUhyrgfLrcTkzV3TSsGyl1tSuPrEDzr0yd5m90UgNxQkyDXULk3b6MlQqTCpZpNtWe1K0hzclnZkTcLBe2UQ==",
            "dev": true,
            "license": "MIT"
        },
        "node_modules/alea": {
            "version": "1.0.1",
            "resolved": "https://registry.npmjs.org/alea/-/alea-1.0.1.tgz",
            "integrity": "sha512-QU+wv+ziDXaMxRdsQg/aH7sVfWdhKps5YP97IIwFkHCsbDZA3k87JXoZ5/iuemf4ntytzIWeScrRpae8+lDrXA==",
            "license": "MIT"
        },
        "node_modules/ansi-regex": {
            "version": "4.1.1",
            "resolved": "https://registry.npmjs.org/ansi-regex/-/ansi-regex-4.1.1.tgz",
            "integrity": "sha512-ILlv4k/3f6vfQ4OoP2AGvirOktlQ98ZEL1k9FaQjxa3L1abBgbuTDAdPOpvbGncC0BTVQrl+OM8xZGK6tWXt7g==",
            "dev": true,
            "license": "MIT",
            "engines": {
                "node": ">=6"
            }
        },
        "node_modules/asynckit": {
            "version": "0.4.0",
            "resolved": "https://registry.npmjs.org/asynckit/-/asynckit-0.4.0.tgz",
            "integrity": "sha512-Oei9OH4tRh0YqU3GxhX79dM/mwVgvbZJaSNaRk+bshkj0S5cfHcgYakreBjrHwatXKbz+IoIdYLxrKim2MjW0Q=="
        },
        "node_modules/axios": {
            "version": "1.7.7",
            "resolved": "https://registry.npmjs.org/axios/-/axios-1.7.7.tgz",
            "integrity": "sha512-S4kL7XrjgBmvdGut0sN3yJxqYzrDOnivkBiN0OFs6hLiUam3UPvswUo0kqGyhqUZGEOytHyumEdXsAkgCOUf3Q==",
            "dependencies": {
                "follow-redirects": "^1.15.6",
                "form-data": "^4.0.0",
                "proxy-from-env": "^1.1.0"
            }
        },
        "node_modules/color-core": {
            "version": "1.4.0",
            "resolved": "https://registry.npmjs.org/color-core/-/color-core-1.4.0.tgz",
            "integrity": "sha512-/E+lo1Y4lEnyE+lu6iLRRDG+qsrR+Uo2cjr/jYm4oaxD0idC1TJoHK2kl/e1QvclJDZ5x2LgCZvMaVRuaoWkOw==",
            "funding": [
                {
                    "type": "github",
                    "url": "https://github.com/sponsors/iamlite"
                },
                {
                    "type": "kofi",
                    "url": "https://ko-fi.com/iamlite"
                }
            ],
            "dependencies": {
                "axios": "^1.7.2"
            }
        },
        "node_modules/combined-stream": {
            "version": "1.0.8",
            "resolved": "https://registry.npmjs.org/combined-stream/-/combined-stream-1.0.8.tgz",
            "integrity": "sha512-FQN4MRfuJeHf7cBbBMJFXhKSDq+2kAArBlmRBvcvFE5BB1HZKXtSFASDhdlz9zOYwxh8lDdnvmMOe/+5cdoEdg==",
            "dependencies": {
                "delayed-stream": "~1.0.0"
            },
            "engines": {
                "node": ">= 0.8"
            }
        },
        "node_modules/decimal.js": {
            "version": "10.4.3",
            "resolved": "https://registry.npmjs.org/decimal.js/-/decimal.js-10.4.3.tgz",
            "integrity": "sha512-VBBaLc1MgL5XpzgIP7ny5Z6Nx3UrRkIViUkPUdtl9aya5amy3De1gsUUSB1g3+3sExYNjCAsAznmukyxCb1GRA=="
        },
        "node_modules/delayed-stream": {
            "version": "1.0.0",
            "resolved": "https://registry.npmjs.org/delayed-stream/-/delayed-stream-1.0.0.tgz",
            "integrity": "sha512-ZySD7Nf91aLB0RxL4KGrKHBXl7Eds1DAmEdcoVawXnLD7SDhpNgtuII2aAkg7a7QS41jxPSZ17p4VdGnMHk3MQ==",
            "engines": {
                "node": ">=0.4.0"
            }
        },
        "node_modules/esbuild": {
            "version": "0.20.2",
            "resolved": "https://registry.npmjs.org/esbuild/-/esbuild-0.20.2.tgz",
            "integrity": "sha512-WdOOppmUNU+IbZ0PaDiTst80zjnrOkyJNHoKupIcVyU8Lvla3Ugx94VzkQ32Ijqd7UhHJy75gNWDMUekcrSJ6g==",
            "dev": true,
            "hasInstallScript": true,
            "bin": {
                "esbuild": "bin/esbuild"
            },
            "engines": {
                "node": ">=12"
            },
            "optionalDependencies": {
                "@esbuild/aix-ppc64": "0.20.2",
                "@esbuild/android-arm": "0.20.2",
                "@esbuild/android-arm64": "0.20.2",
                "@esbuild/android-x64": "0.20.2",
                "@esbuild/darwin-arm64": "0.20.2",
                "@esbuild/darwin-x64": "0.20.2",
                "@esbuild/freebsd-arm64": "0.20.2",
                "@esbuild/freebsd-x64": "0.20.2",
                "@esbuild/linux-arm": "0.20.2",
                "@esbuild/linux-arm64": "0.20.2",
                "@esbuild/linux-ia32": "0.20.2",
                "@esbuild/linux-loong64": "0.20.2",
                "@esbuild/linux-mips64el": "0.20.2",
                "@esbuild/linux-ppc64": "0.20.2",
                "@esbuild/linux-riscv64": "0.20.2",
                "@esbuild/linux-s390x": "0.20.2",
                "@esbuild/linux-x64": "0.20.2",
                "@esbuild/netbsd-x64": "0.20.2",
                "@esbuild/openbsd-x64": "0.20.2",
                "@esbuild/sunos-x64": "0.20.2",
                "@esbuild/win32-arm64": "0.20.2",
                "@esbuild/win32-ia32": "0.20.2",
                "@esbuild/win32-x64": "0.20.2"
            }
        },
        "node_modules/follow-redirects": {
            "version": "1.15.9",
            "resolved": "https://registry.npmjs.org/follow-redirects/-/follow-redirects-1.15.9.tgz",
            "integrity": "sha512-gew4GsXizNgdoRyqmyfMHyAmXsZDk6mHkSxZFCzW9gwlbtOW44CDtYavM+y+72qD/Vq2l550kMF52DT8fOLJqQ==",
            "funding": [
                {
                    "type": "individual",
                    "url": "https://github.com/sponsors/RubenVerborgh"
                }
            ],
            "engines": {
                "node": ">=4.0"
            },
            "peerDependenciesMeta": {
                "debug": {
                    "optional": true
                }
            }
        },
        "node_modules/form-data": {
            "version": "4.0.1",
            "resolved": "https://registry.npmjs.org/form-data/-/form-data-4.0.1.tgz",
            "integrity": "sha512-tzN8e4TX8+kkxGPK8D5u0FNmjPUjw3lwC9lSLxxoB/+GtsJG91CO8bSWy73APlgAZzZbXEYZJuxjkHH2w+Ezhw==",
            "dependencies": {
                "asynckit": "^0.4.0",
                "combined-stream": "^1.0.8",
                "mime-types": "^2.1.12"
            },
            "engines": {
                "node": ">= 6"
            }
        },
        "node_modules/intl": {
            "version": "1.2.5",
            "resolved": "https://registry.npmjs.org/intl/-/intl-1.2.5.tgz",
            "integrity": "sha512-rK0KcPHeBFBcqsErKSpvZnrOmWOj+EmDkyJ57e90YWaQNqbcivcqmKDlHEeNprDWOsKzPsh1BfSpPQdDvclHVw==",
            "license": "MIT"
        },
        "node_modules/json5": {
            "version": "2.2.3",
            "resolved": "https://registry.npmjs.org/json5/-/json5-2.2.3.tgz",
            "integrity": "sha512-XmOWe7eyHYH14cLdVPoyg+GOH3rYX++KpzrylJwSW98t3Nk+U8XOl8FWKOgwtzdb8lXGf6zYwDUzeHMWfxasyg==",
            "dev": true,
            "license": "MIT",
            "bin": {
                "json5": "lib/cli.js"
            },
            "engines": {
                "node": ">=6"
            }
        },
        "node_modules/mcbe-ipc": {
            "version": "3.0.1",
            "resolved": "https://registry.npmjs.org/mcbe-ipc/-/mcbe-ipc-3.0.1.tgz",
            "integrity": "sha512-yTRHzVNwQuunD/mx0n718j09DZDx6sSvZHc8mPkgxhPLI56MZd36bzaiLPu0hejmlSi1URRl5iZgw4ppqjHYLA==",
            "license": "MIT",
            "dependencies": {
                "@minecraft/server": "^1.13.0 || ^2.1.0-beta.1.21.70-stable"
            }
        },
        "node_modules/mcbe-ipc/node_modules/@minecraft/server": {
            "version": "2.1.0",
            "resolved": "https://registry.npmjs.org/@minecraft/server/-/server-2.1.0.tgz",
            "integrity": "sha512-yT7MH47hqhJ3C208Y3g7bEo52aT5q9DZApxH5y3+qQ9voqazF35t3FeTd6aw2S7C07HA6yZOmNZ7p79b3PCJXg==",
            "license": "MIT",
            "dependencies": {
                "@minecraft/common": "^1.2.0"
            },
            "peerDependencies": {
                "@minecraft/vanilla-data": ">=1.20.70"
            }
        },
        "node_modules/mime-db": {
            "version": "1.52.0",
            "resolved": "https://registry.npmjs.org/mime-db/-/mime-db-1.52.0.tgz",
            "integrity": "sha512-sPU4uV7dYlvtWJxwwxHD0PuihVNiE7TyAbQ5SWxDCB9mUYvOgroQOwYQQOKPJ8CIbE+1ETVlOoK1UC2nU3gYvg==",
            "engines": {
                "node": ">= 0.6"
            }
        },
        "node_modules/mime-types": {
            "version": "2.1.35",
            "resolved": "https://registry.npmjs.org/mime-types/-/mime-types-2.1.35.tgz",
            "integrity": "sha512-ZDY+bPm5zTTF+YpCrAU9nK0UgICYPT0QtT1NZWFv4s++TNkcgVaT0g6+4R2uI4MjQjzysHB1zxuWL50hzaeXiw==",
            "dependencies": {
                "mime-db": "1.52.0"
            },
            "engines": {
                "node": ">= 0.6"
            }
        },
        "node_modules/moment": {
            "version": "2.30.1",
            "resolved": "https://registry.npmjs.org/moment/-/moment-2.30.1.tgz",
            "integrity": "sha512-uEmtNhbDOrWPFS+hdjFCBfy9f2YoyzRpwcl+DqpC6taX21FzsTLQVbMV/W7PzNSX6x/bhC1zA3c2UQ5NzH6how==",
            "license": "MIT",
            "engines": {
                "node": "*"
            }
        },
        "node_modules/prompt-sync": {
            "version": "4.2.0",
            "resolved": "https://registry.npmjs.org/prompt-sync/-/prompt-sync-4.2.0.tgz",
            "integrity": "sha512-BuEzzc5zptP5LsgV5MZETjDaKSWfchl5U9Luiu8SKp7iZWD5tZalOxvNcZRwv+d2phNFr8xlbxmFNcRKfJOzJw==",
            "dev": true,
            "license": "MIT",
            "dependencies": {
                "strip-ansi": "^5.0.0"
            }
        },
        "node_modules/proxy-from-env": {
            "version": "1.1.0",
            "resolved": "https://registry.npmjs.org/proxy-from-env/-/proxy-from-env-1.1.0.tgz",
            "integrity": "sha512-D+zkORCbA9f1tdWRK0RaCR3GPv50cMxcrz4X8k5LTSUD1Dkw47mKJEZQNunItRTkWwgtaUSo1RVFRIG9ZXiFYg=="
        },
        "node_modules/semver": {
            "version": "7.6.3",
            "resolved": "https://registry.npmjs.org/semver/-/semver-7.6.3.tgz",
            "integrity": "sha512-oVekP1cKtI+CTDvHWYFUcMtsK/00wmAEfyqKfNdARm8u1wNVhSgaX7A8d4UuIlUI5e84iEwOhs7ZPYRmzU9U6A==",
            "bin": {
                "semver": "bin/semver.js"
            },
            "engines": {
                "node": ">=10"
            }
        },
        "node_modules/simplex-noise": {
            "version": "4.0.3",
            "resolved": "https://registry.npmjs.org/simplex-noise/-/simplex-noise-4.0.3.tgz",
            "integrity": "sha512-qSE2I4AngLQG7BXqoZj51jokT4WUXe8mOBrvfOXpci8+6Yu44+/dD5zqDpOx3Ux792eamTd2lLcI8jqFntk/lg==",
            "license": "MIT"
        },
        "node_modules/strip-ansi": {
            "version": "5.2.0",
            "resolved": "https://registry.npmjs.org/strip-ansi/-/strip-ansi-5.2.0.tgz",
            "integrity": "sha512-DuRs1gKbBqsMKIZlrffwlug8MHkcnpjs5VPmL1PAh+mA30U0DTotfDZ0d2UUsXpPmPmMMJ6W773MaA3J+lbiWA==",
            "dev": true,
            "license": "MIT",
            "dependencies": {
                "ansi-regex": "^4.1.0"
            },
            "engines": {
                "node": ">=6"
            }
        }
    }
}
